
Microsoft Visual Studio Solution File, Format Version 12.00
# Visual Studio Version 17
VisualStudioVersion = 17.3.32825.248
MinimumVisualStudioVersion = 10.0.40219.1
Project("{8BC9CEB8-8B4A-11D0-8D11-00A0C91BC942}") = "V2_Kabel_gournal", "V2_Kabel_gournal.vcxproj", "{A4F04313-B075-435F-9D2D-3FB372DBA81B}"
EndProject
Global
	GlobalSection(SolutionConfigurationPlatforms) = preSolution
		Debug|x64 = Debug|x64
		Debug|x86 = Debug|x86
		Release|x64 = Release|x64
		Release|x86 = Release|x86
	EndGlobalSection
	GlobalSection(ProjectConfigurationPlatforms) = postSolution
		{A4F04313-B075-435F-9D2D-3FB372DBA81B}.Debug|x64.ActiveCfg = Debug|x64
		{A4F04313-B075-435F-9D2D-3FB372DBA81B}.Debug|x64.Build.0 = Debug|x64
		{A4F04313-B075-435F-9D2D-3FB372DBA81B}.Debug|x86.ActiveCfg = Debug|Win32
		{A4F04313-B075-435F-9D2D-3FB372DBA81B}.Debug|x86.Build.0 = Debug|Win32
		{A4F04313-B075-435F-9D2D-3FB372DBA81B}.Release|x64.ActiveCfg = Release|x64
		{A4F04313-B075-435F-9D2D-3FB372DBA81B}.Release|x64.Build.0 = Release|x64
		{A4F04313-B075-435F-9D2D-3FB372DBA81B}.Release|x86.ActiveCfg = Release|Win32
		{A4F04313-B075-435F-9D2D-3FB372DBA81B}.Release|x86.Build.0 = Release|Win32
	EndGlobalSection
	GlobalSection(SolutionProperties) = preSolution
		HideSolutionNode = FALSE
	EndGlobalSection
	GlobalSection(ExtensibilityGlobals) = postSolution
		SolutionGuid = {79577E65-284E-4AC3-AFAD-459D52B0F89D}
	EndGlobalSection
EndGlobal
